<?xml version="1.0" encoding="utf-8"?>
<Project ToolsVersion="4.0" xmlns="http://schemas.microsoft.com/developer/msbuild/2003">
  <ItemGroup>
    <Filter Include="Ressourcendateien">
      <UniqueIdentifier>{67DA6AB6-F800-4c08-8B7A-83BB121AAD01}</UniqueIdentifier>
      <Extensions>rc;ico;cur;bmp;dlg;rc2;rct;bin;rgs;gif;jpg;jpeg;jpe;resx;tiff;tif;png;wav;mfcribbon-ms</Extensions>
    </Filter>
    <Filter Include="Code-Files">
      <UniqueIdentifier>{3c1b6bcc-368e-4fa6-8fcd-0074e0ffa99a}</UniqueIdentifier>
    </Filter>
    <Filter Include="Code-Files\Objekte">
      <UniqueIdentifier>{b7667104-8551-40d8-832f-378a9d770252}</UniqueIdentifier>
    </Filter>
    <Filter Include="Code-Files\Objekte\HPP">
      <UniqueIdentifier>{bf4e797a-fa26-4212-b2c4-398a90bf4222}</UniqueIdentifier>
    </Filter>
    <Filter Include="Code-Files\Objekte\SRC">
      <UniqueIdentifier>{3f8ae6aa-51a8-453b-8d8b-660cb2a258a6}</UniqueIdentifier>
    </Filter>
    <Filter Include="Code-Files\Resource">
      <UniqueIdentifier>{91f5322f-daef-4767-9248-484842a94a17}</UniqueIdentifier>
    </Filter>
    <Filter Include="Code-Files\Resource\HPP">
      <UniqueIdentifier>{93298397-9b18-4c9c-9475-ef5cfc82cd17}</UniqueIdentifier>
    </Filter>
    <Filter Include="Code-Files\Resource\SRC">
      <UniqueIdentifier>{c329cbba-c1db-4140-98f0-176ba2e0b7b5}</UniqueIdentifier>
    </Filter>
    <Filter Include="Code-Files\Game">
      <UniqueIdentifier>{445e0ffc-fcb8-4a15-a45b-9bfdb4aa0bab}</UniqueIdentifier>
    </Filter>
    <Filter Include="Code-Files\Game\HPP">
      <UniqueIdentifier>{c57eb424-bc52-4287-9aaa-178fcad87932}</UniqueIdentifier>
    </Filter>
    <Filter Include="Code-Files\Game\SRC">
      <UniqueIdentifier>{dd67fb4e-d2ea-41f8-83a5-ed8b2da3f844}</UniqueIdentifier>
    </Filter>
    <Filter Include="Ressourcendateien\Media">
      <UniqueIdentifier>{8adde4c4-fd8d-4020-96ac-141f2b537379}</UniqueIdentifier>
    </Filter>
    <Filter Include="Ressourcendateien\Media\Textures">
      <UniqueIdentifier>{725a0b26-8496-4344-8542-12963a69bca6}</UniqueIdentifier>
    </Filter>
    <Filter Include="Code-Files\MessageSystem">
      <UniqueIdentifier>{6f61ee06-efc4-4f7b-aa93-90e4c266450c}</UniqueIdentifier>
    </Filter>
    <Filter Include="Code-Files\MessageSystem\HPP">
      <UniqueIdentifier>{42593897-50a5-474b-8448-2425300eee73}</UniqueIdentifier>
    </Filter>
    <Filter Include="Code-Files\MessageSystem\SRC">
      <UniqueIdentifier>{33dc083f-5fc2-40d5-9a3c-de653de67026}</UniqueIdentifier>
    </Filter>
    <Filter Include="Code-Files\Controller">
      <UniqueIdentifier>{6d598699-15dd-4a28-a62b-63bf9496bce5}</UniqueIdentifier>
    </Filter>
    <Filter Include="Code-Files\Controller\HPP">
      <UniqueIdentifier>{f62e1f0c-a59e-49ef-a32f-07362cad8c78}</UniqueIdentifier>
    </Filter>
    <Filter Include="Code-Files\Controller\SRC">
      <UniqueIdentifier>{6119c411-48ad-4c2a-b292-1521c8e2fc40}</UniqueIdentifier>
    </Filter>
    <Filter Include="Code-Files\State">
      <UniqueIdentifier>{74e0ca2d-2984-4846-93eb-2b5bdb8ca1c8}</UniqueIdentifier>
    </Filter>
    <Filter Include="Code-Files\State\HPP">
      <UniqueIdentifier>{85e349f2-d6f4-4038-8dee-04ae8fe53d8e}</UniqueIdentifier>
    </Filter>
    <Filter Include="Code-Files\State\SRC">
      <UniqueIdentifier>{460f4409-cae8-4e08-b818-7308d256143d}</UniqueIdentifier>
    </Filter>
  </ItemGroup>
  <ItemGroup>
    <Text Include="UserStory.txt" />
    <Text Include="Klassen.txt" />
    <Text Include="Message System.txt" />
    <Text Include="Objektdatenstruktur.txt" />
    <Text Include="State Struktur.txt" />
  </ItemGroup>
  <ItemGroup>
    <ClCompile Include="Sources\Aircraft.cpp">
      <Filter>Code-Files\Objekte\SRC</Filter>
    </ClCompile>
    <ClCompile Include="Sources\Entity.cpp">
      <Filter>Code-Files\Objekte\SRC</Filter>
    </ClCompile>
    <ClCompile Include="Sources\SceneNode.cpp">
      <Filter>Code-Files\Objekte\SRC</Filter>
    </ClCompile>
    <ClCompile Include="Sources\SpriteNode.cpp">
      <Filter>Code-Files\Objekte\SRC</Filter>
    </ClCompile>
    <ClCompile Include="Sources\World.cpp">
      <Filter>Code-Files\Game\SRC</Filter>
    </ClCompile>
    <ClCompile Include="Sources\Configuration.cpp">
      <Filter>Code-Files</Filter>
    </ClCompile>
    <ClCompile Include="Main.cpp">
      <Filter>Code-Files</Filter>
    </ClCompile>
    <ClCompile Include="Sources\Command.cpp">
      <Filter>Code-Files\MessageSystem\SRC</Filter>
    </ClCompile>
    <ClCompile Include="Sources\CommandQueue.cpp">
      <Filter>Code-Files\MessageSystem\SRC</Filter>
    </ClCompile>
    <ClCompile Include="Sources\Player.cpp">
      <Filter>Code-Files\Controller\SRC</Filter>
    </ClCompile>
    <ClCompile Include="Sources\StateStack.cpp">
      <Filter>Code-Files\State\SRC</Filter>
    </ClCompile>
    <ClCompile Include="Sources\State.cpp">
      <Filter>Code-Files\State\SRC</Filter>
    </ClCompile>
    <ClCompile Include="Sources\Application.cpp">
      <Filter>Code-Files\Game\SRC</Filter>
    </ClCompile>
    <ClCompile Include="Sources\GameState.cpp">
      <Filter>Code-Files\State\SRC</Filter>
    </ClCompile>
    <ClCompile Include="Sources\TitleState.cpp">
      <Filter>Code-Files\State\SRC</Filter>
    </ClCompile>
    <ClCompile Include="Sources\Utilities.cpp">
      <Filter>Code-Files\Resource\SRC</Filter>
    </ClCompile>
  </ItemGroup>
  <ItemGroup>
    <ClInclude Include="Headers\Aircraft.hpp">
      <Filter>Code-Files\Objekte\HPP</Filter>
    </ClInclude>
    <ClInclude Include="Headers\SceneNode.hpp">
      <Filter>Code-Files\Objekte\HPP</Filter>
    </ClInclude>
    <ClInclude Include="Headers\SpriteNode.hpp">
      <Filter>Code-Files\Objekte\HPP</Filter>
    </ClInclude>
    <ClInclude Include="Headers\Entity.hpp">
      <Filter>Code-Files\Objekte\HPP</Filter>
    </ClInclude>
    <ClInclude Include="Headers\ResourceHolder.hpp">
      <Filter>Code-Files\Resource\HPP</Filter>
    </ClInclude>
    <ClInclude Include="Headers\ResourceIdentifier.hpp">
      <Filter>Code-Files\Resource\HPP</Filter>
    </ClInclude>
    <ClInclude Include="Headers\World.hpp">
      <Filter>Code-Files\Game\HPP</Filter>
    </ClInclude>
    <ClInclude Include="Headers\Configuration.hpp">
      <Filter>Code-Files</Filter>
    </ClInclude>
    <ClInclude Include="Headers\Command.hpp">
      <Filter>Code-Files\MessageSystem\HPP</Filter>
    </ClInclude>
    <ClInclude Include="Headers\Category.hpp">
      <Filter>Code-Files\Resource\HPP</Filter>
    </ClInclude>
    <ClInclude Include="Headers\CommandQueue.hpp">
      <Filter>Code-Files\MessageSystem\HPP</Filter>
    </ClInclude>
    <ClInclude Include="Headers\Player.hpp">
      <Filter>Code-Files\Controller\HPP</Filter>
    </ClInclude>
    <ClInclude Include="Headers\StateStack.hpp">
      <Filter>Code-Files\State\HPP</Filter>
    </ClInclude>
    <ClInclude Include="Headers\State.hpp">
      <Filter>Code-Files\State\HPP</Filter>
    </ClInclude>
    <ClInclude Include="Headers\StateIdentifiers.hpp">
      <Filter>Code-Files\State\HPP</Filter>
    </ClInclude>
    <ClInclude Include="Headers\Application.hpp">
      <Filter>Code-Files\Game\HPP</Filter>
    </ClInclude>
    <ClInclude Include="Headers\GameState.hpp">
      <Filter>Code-Files\State\HPP</Filter>
    </ClInclude>
    <ClInclude Include="Headers\TitleState.hpp">
      <Filter>Code-Files\State\HPP</Filter>
    </ClInclude>
    <ClInclude Include="Headers\Utilities.hpp">
      <Filter>Code-Files\Resource\HPP</Filter>
    </ClInclude>
  </ItemGroup>
  <ItemGroup>
    <None Include="Headers\ResourceHolder.inl">
      <Filter>Code-Files\Resource\HPP</Filter>
    </None>
    <None Include="data\app.ini">
      <Filter>Ressourcendateien</Filter>
    </None>
    <None Include="data\appConfig.ini">
      <Filter>Ressourcendateien</Filter>
    </None>
    <None Include="data\resourceConfig.ini">
      <Filter>Ressourcendateien</Filter>
    </None>
  </ItemGroup>
  <ItemGroup>
    <Image Include="Media\Textures\Desert.png">
      <Filter>Ressourcendateien\Media\Textures</Filter>
    </Image>
    <Image Include="Media\Textures\Eagle.png">
      <Filter>Ressourcendateien\Media\Textures</Filter>
    </Image>
    <Image Include="Media\Textures\Raptor.png">
      <Filter>Ressourcendateien\Media\Textures</Filter>
    </Image>
    <Image Include="Media\Textures\TitleScreen.png">
      <Filter>Ressourcendateien\Media\Textures</Filter>
    </Image>
  </ItemGroup>
  <ItemGroup>
    <Font Include="Media\Sansation.ttf">
      <Filter>Ressourcendateien\Media</Filter>
    </Font>
  </ItemGroup>
</Project>